
Microsoft Visual Studio Solution File, Format Version 12.00
# Visual Studio Version 17
VisualStudioVersion = 17.1.32228.430
MinimumVisualStudioVersion = 10.0.40219.1
Project("{9A19103F-16F7-4668-BE54-9A1E7A4F7556}") = "OpenWeather.AppCore", "OpenWeather.AppCore\OpenWeather.AppCore.csproj", "{568A2100-5428-4B94-9C02-F98DF0E7C33C}"
EndProject
Project("{9A19103F-16F7-4668-BE54-9A1E7A4F7556}") = "OpenWeather.Domain", "OpenWeather.Domain\OpenWeather.Domain.csproj", "{37C9D845-D846-4A89-B0A2-3504DFB38A27}"
EndProject
Project("{9A19103F-16F7-4668-BE54-9A1E7A4F7556}") = "OpenWeather.Infraestructure", "OpenWeather.Infraestructure\OpenWeather.Infraestructure.csproj", "{13185BD9-E8A6-40A4-81E9-1BFC60A9C2A3}"
EndProject
Project("{9A19103F-16F7-4668-BE54-9A1E7A4F7556}") = "OpenWeather.Presentation", "OpenWeather.Presentation\OpenWeather.Presentation.csproj", "{B0E7ADB1-D6CC-4D5E-9584-1D2FFE0EE61B}"
EndProject
Project("{9A19103F-16F7-4668-BE54-9A1E7A4F7556}") = "OpenWeather.Common", "OpenWeather.Common\OpenWeather.Common.csproj", "{43FEED7D-0086-417B-BC1C-07DB94AD0ADA}"
EndProject
Global
	GlobalSection(SolutionConfigurationPlatforms) = preSolution
		Debug|Any CPU = Debug|Any CPU
		Release|Any CPU = Release|Any CPU
	EndGlobalSection
	GlobalSection(ProjectConfigurationPlatforms) = postSolution
		{568A2100-5428-4B94-9C02-F98DF0E7C33C}.Debug|Any CPU.ActiveCfg = Debug|Any CPU
		{568A2100-5428-4B94-9C02-F98DF0E7C33C}.Debug|Any CPU.Build.0 = Debug|Any CPU
		{568A2100-5428-4B94-9C02-F98DF0E7C33C}.Release|Any CPU.ActiveCfg = Release|Any CPU
		{568A2100-5428-4B94-9C02-F98DF0E7C33C}.Release|Any CPU.Build.0 = Release|Any CPU
		{37C9D845-D846-4A89-B0A2-3504DFB38A27}.Debug|Any CPU.ActiveCfg = Debug|Any CPU
		{37C9D845-D846-4A89-B0A2-3504DFB38A27}.Debug|Any CPU.Build.0 = Debug|Any CPU
		{37C9D845-D846-4A89-B0A2-3504DFB38A27}.Release|Any CPU.ActiveCfg = Release|Any CPU
		{37C9D845-D846-4A89-B0A2-3504DFB38A27}.Release|Any CPU.Build.0 = Release|Any CPU
		{13185BD9-E8A6-40A4-81E9-1BFC60A9C2A3}.Debug|Any CPU.ActiveCfg = Debug|Any CPU
		{13185BD9-E8A6-40A4-81E9-1BFC60A9C2A3}.Debug|Any CPU.Build.0 = Debug|Any CPU
		{13185BD9-E8A6-40A4-81E9-1BFC60A9C2A3}.Release|Any CPU.ActiveCfg = Release|Any CPU
		{13185BD9-E8A6-40A4-81E9-1BFC60A9C2A3}.Release|Any CPU.Build.0 = Release|Any CPU
		{B0E7ADB1-D6CC-4D5E-9584-1D2FFE0EE61B}.Debug|Any CPU.ActiveCfg = Debug|Any CPU
		{B0E7ADB1-D6CC-4D5E-9584-1D2FFE0EE61B}.Debug|Any CPU.Build.0 = Debug|Any CPU
		{B0E7ADB1-D6CC-4D5E-9584-1D2FFE0EE61B}.Release|Any CPU.ActiveCfg = Release|Any CPU
		{B0E7ADB1-D6CC-4D5E-9584-1D2FFE0EE61B}.Release|Any CPU.Build.0 = Release|Any CPU
		{43FEED7D-0086-417B-BC1C-07DB94AD0ADA}.Debug|Any CPU.ActiveCfg = Debug|Any CPU
		{43FEED7D-0086-417B-BC1C-07DB94AD0ADA}.Debug|Any CPU.Build.0 = Debug|Any CPU
		{43FEED7D-0086-417B-BC1C-07DB94AD0ADA}.Release|Any CPU.ActiveCfg = Release|Any CPU
		{43FEED7D-0086-417B-BC1C-07DB94AD0ADA}.Release|Any CPU.Build.0 = Release|Any CPU
	EndGlobalSection
	GlobalSection(SolutionProperties) = preSolution
		HideSolutionNode = FALSE
	EndGlobalSection
	GlobalSection(ExtensibilityGlobals) = postSolution
		SolutionGuid = {0806DD5E-9CF9-4B9A-A70D-EDBAAAAE5271}
	EndGlobalSection
EndGlobal
